
Microsoft Visual Studio Solution File, Format Version 12.00
# Visual Studio Version 17
VisualStudioVersion = 17.9.34902.65
MinimumVisualStudioVersion = 10.0.40219.1
Project("{FAE04EC0-301F-11D3-BF4B-00C04F79EFBC}") = "HackerNewsApi", "HackerNewsApi\HackerNewsApi.csproj", "{6A8E4392-FC97-41AA-8E39-46053910840C}"
EndProject
Project("{FAE04EC0-301F-11D3-BF4B-00C04F79EFBC}") = "UnitTests", "UnitTests\UnitTests.csproj", "{DB4D4DE5-63A0-47FE-B75A-4A6B1AE75862}"
EndProject
Global
	GlobalSection(SolutionConfigurationPlatforms) = preSolution
		Debug|Any CPU = Debug|Any CPU
		Release|Any CPU = Release|Any CPU
	EndGlobalSection
	GlobalSection(ProjectConfigurationPlatforms) = postSolution
		{6A8E4392-FC97-41AA-8E39-46053910840C}.Debug|Any CPU.ActiveCfg = Debug|Any CPU
		{6A8E4392-FC97-41AA-8E39-46053910840C}.Debug|Any CPU.Build.0 = Debug|Any CPU
		{6A8E4392-FC97-41AA-8E39-46053910840C}.Release|Any CPU.ActiveCfg = Release|Any CPU
		{6A8E4392-FC97-41AA-8E39-46053910840C}.Release|Any CPU.Build.0 = Release|Any CPU
		{DB4D4DE5-63A0-47FE-B75A-4A6B1AE75862}.Debug|Any CPU.ActiveCfg = Debug|Any CPU
		{DB4D4DE5-63A0-47FE-B75A-4A6B1AE75862}.Debug|Any CPU.Build.0 = Debug|Any CPU
		{DB4D4DE5-63A0-47FE-B75A-4A6B1AE75862}.Release|Any CPU.ActiveCfg = Release|Any CPU
		{DB4D4DE5-63A0-47FE-B75A-4A6B1AE75862}.Release|Any CPU.Build.0 = Release|Any CPU
	EndGlobalSection
	GlobalSection(SolutionProperties) = preSolution
		HideSolutionNode = FALSE
	EndGlobalSection
	GlobalSection(ExtensibilityGlobals) = postSolution
		SolutionGuid = {5CE2C019-D38F-49E0-BC0E-95E5369BEC13}
	EndGlobalSection
EndGlobal
